{
  "name": "masterdo",
  "version": "0.0.1",
  "lockfileVersion": 2,
  "requires": true,
  "packages": {
    "": {
      "name": "masterdo",
      "version": "0.0.1",
      "license": "GPL-3.0",
      "dependencies": {
        "sqlite": "^4.0.15"
      }
    },
    "node_modules/sqlite": {
      "version": "4.0.15",
      "resolved": "https://registry.npmjs.org/sqlite/-/sqlite-4.0.15.tgz",
      "integrity": "sha512-irPPTrbVoDvwzRGpe0v8vxpNwMl+q0tXQzffQTcCUnaJzQFO0hfLLvFwGDKxd6vYBuvEr3uvPkObVoGOvVsmzA=="
    }
  },
  "dependencies": {
    "sqlite": {
      "version": "4.0.15",
      "resolved": "https://registry.npmjs.org/sqlite/-/sqlite-4.0.15.tgz",
      "integrity": "sha512-irPPTrbVoDvwzRGpe0v8vxpNwMl+q0tXQzffQTcCUnaJzQFO0hfLLvFwGDKxd6vYBuvEr3uvPkObVoGOvVsmzA=="
    }
  }
}
